{
  "nodes": {
    "blockfrost-platform": {
      "flake": false,
      "locked": {
        "lastModified": 1744196292,
        "narHash": "sha256-YQi4CccKQs1STp2uJxAibnWOhnR6EaVgU3SmXxgi2hI=",
        "owner": "blockfrost",
        "repo": "blockfrost-platform",
        "rev": "4cc0ad65ff1ef80b2490d9f040f1617668cb81fb",
        "type": "github"
      },
      "original": {
        "owner": "blockfrost",
        "ref": "pull/296/head",
        "repo": "blockfrost-platform",
        "type": "github"
      }
    },
    "cardano-js-sdk": {
      "flake": false,
      "locked": {
        "lastModified": 1741029698,
        "narHash": "sha256-9MC6KUiZLIlj+fi1H15mjh8H/YyEwln1b+vuTXLr6JM=",
        "owner": "input-output-hk",
        "repo": "cardano-js-sdk",
        "rev": "b01e2b83394a70201c881a1c2f8573077eddbdb5",
        "type": "github"
      },
      "original": {
        "owner": "input-output-hk",
        "ref": "@cardano-sdk/cardano-services@0.35.10",
        "repo": "cardano-js-sdk",
        "type": "github"
      }
    },
    "cardano-node": {
      "flake": false,
      "locked": {
        "lastModified": 1745954148,
        "narHash": "sha256-Moth/2BOCWDdgXrOX6fv2rykqe4zR9POjC+g4dlUqqc=",
        "owner": "IntersectMBO",
        "repo": "cardano-node",
        "rev": "420c94fbb075146c6ec7fba78c5b0482fafe72dd",
        "type": "github"
      },
      "original": {
        "owner": "IntersectMBO",
        "ref": "10.4.1",
        "repo": "cardano-node",
        "type": "github"
      }
    },
    "cardano-playground": {
      "flake": false,
      "locked": {
        "lastModified": 1736967417,
        "narHash": "sha256-ORjEkhUGwRuxj3TiRDyplddsY9p27qg5Ah3lo9U8duw=",
        "owner": "input-output-hk",
        "repo": "cardano-playground",
        "rev": "39ea4db0daa11d6334a55353f685e185765a619b",
        "type": "github"
      },
      "original": {
        "owner": "input-output-hk",
        "repo": "cardano-playground",
        "rev": "39ea4db0daa11d6334a55353f685e185765a619b",
        "type": "github"
      }
    },
    "crane": {
      "locked": {
        "lastModified": 1745454774,
        "narHash": "sha256-oLvmxOnsEKGtwczxp/CwhrfmQUG2ym24OMWowcoRhH8=",
        "owner": "ipetkov",
        "repo": "crane",
        "rev": "efd36682371678e2b6da3f108fdb5c613b3ec598",
        "type": "github"
      },
      "original": {
        "owner": "ipetkov",
        "repo": "crane",
        "type": "github"
      }
    },
    "devshell": {
      "inputs": {
        "nixpkgs": [
          "nixpkgs"
        ]
      },
      "locked": {
        "lastModified": 1722113426,
        "narHash": "sha256-Yo/3loq572A8Su6aY5GP56knpuKYRvM2a1meP9oJZCw=",
        "owner": "numtide",
        "repo": "devshell",
        "rev": "67cce7359e4cd3c45296fb4aaf6a19e2a9c757ae",
        "type": "github"
      },
      "original": {
        "owner": "numtide",
        "repo": "devshell",
        "type": "github"
      }
    },
    "flake-compat": {
      "flake": false,
      "locked": {
        "lastModified": 1635892615,
        "narHash": "sha256-harGbMZr4hzat2BWBU+Y5OYXlu+fVz7E4WeQzHi5o8A=",
        "owner": "input-output-hk",
        "repo": "flake-compat",
        "rev": "eca47d3377946315596da653862d341ee5341318",
        "type": "github"
      },
      "original": {
        "owner": "input-output-hk",
        "repo": "flake-compat",
        "type": "github"
      }
    },
    "flake-parts": {
      "inputs": {
        "nixpkgs-lib": "nixpkgs-lib"
      },
      "locked": {
        "lastModified": 1743550720,
        "narHash": "sha256-hIshGgKZCgWh6AYJpJmRgFdR3WUbkY04o82X05xqQiY=",
        "owner": "hercules-ci",
        "repo": "flake-parts",
        "rev": "c621e8422220273271f52058f618c94e405bb0f5",
        "type": "github"
      },
      "original": {
        "owner": "hercules-ci",
        "repo": "flake-parts",
        "type": "github"
      }
    },
    "mithril": {
      "inputs": {
        "crane": "crane",
        "flake-parts": "flake-parts",
        "nixpkgs": "nixpkgs",
        "treefmt-nix": "treefmt-nix"
      },
      "locked": {
        "lastModified": 1746529624,
        "narHash": "sha256-VShco6m8TF/zl9gd2qthZByL0kvhOK02yxFdj5Ox2yg=",
        "owner": "input-output-hk",
        "repo": "mithril",
        "rev": "b1a2faa1ed11a0b7d47e4d9f7813972ad91f9bff",
        "type": "github"
      },
      "original": {
        "owner": "input-output-hk",
        "ref": "2517.1",
        "repo": "mithril",
        "type": "github"
      }
    },
    "nix-bundle-exe": {
      "flake": false,
      "locked": {
        "lastModified": 1682949567,
        "narHash": "sha256-K9PT8LVvTLOm3gX9ZFxag0X85DFgB2vvJB+S12disWw=",
        "owner": "3noch",
        "repo": "nix-bundle-exe",
        "rev": "3522ae68aa4188f4366ed96b41a5881d6a88af97",
        "type": "github"
      },
      "original": {
        "owner": "3noch",
        "repo": "nix-bundle-exe",
        "type": "github"
      }
    },
    "nixpkgs": {
      "locked": {
        "lastModified": 1745377448,
        "narHash": "sha256-jhZDfXVKdD7TSEGgzFJQvEEZ2K65UMiqW5YJ2aIqxMA=",
        "owner": "nixos",
        "repo": "nixpkgs",
        "rev": "507b63021ada5fee621b6ca371c4fca9ca46f52c",
        "type": "github"
      },
      "original": {
        "owner": "nixos",
        "ref": "nixpkgs-unstable",
        "repo": "nixpkgs",
        "type": "github"
      }
    },
    "nixpkgs-lib": {
      "locked": {
        "lastModified": 1743296961,
        "narHash": "sha256-b1EdN3cULCqtorQ4QeWgLMrd5ZGOjLSLemfa00heasc=",
        "owner": "nix-community",
        "repo": "nixpkgs.lib",
        "rev": "e4822aea2a6d1cdd36653c134cacfd64c97ff4fa",
        "type": "github"
      },
      "original": {
        "owner": "nix-community",
        "repo": "nixpkgs.lib",
        "type": "github"
      }
    },
    "nixpkgs-nsis": {
      "flake": false,
      "locked": {
        "lastModified": 1547508252,
        "narHash": "sha256-ivcmGg01aeeod0rzjMJ86exUNHHRJu4526rGq9s7rJU=",
        "owner": "input-output-hk",
        "repo": "nixpkgs",
        "rev": "be445a9074f139d63e704fa82610d25456562c3d",
        "type": "github"
      },
      "original": {
        "owner": "input-output-hk",
        "repo": "nixpkgs",
        "rev": "be445a9074f139d63e704fa82610d25456562c3d",
        "type": "github"
      }
    },
    "nixpkgs_2": {
      "locked": {
        "lastModified": 1724967238,
        "narHash": "sha256-fydaoGWHKzpDbhWMuKixf+slmiYFqSLOnmVYfFntQxs=",
        "owner": "nixos",
        "repo": "nixpkgs",
        "rev": "893e9c69f3324ae99e87f1e8e49014c3c0ab12cf",
        "type": "github"
      },
      "original": {
        "owner": "nixos",
        "ref": "nixpkgs-24.05-darwin",
        "repo": "nixpkgs",
        "type": "github"
      }
    },
    "ogmios": {
      "flake": false,
      "locked": {
        "lastModified": 1738673186,
        "narHash": "sha256-M5Bx7g86SmruI5mBH9QsmfQDk4q/dUaDTluIKtlGAq0=",
        "ref": "refs/tags/v6.11.2",
        "rev": "b80318c5a5c7e48325cc104c35a27ae46d5e7341",
        "revCount": 1687,
        "submodules": true,
        "type": "git",
        "url": "https://github.com/CardanoSolutions/ogmios.git"
      },
      "original": {
        "ref": "refs/tags/v6.11.2",
        "submodules": true,
        "type": "git",
        "url": "https://github.com/CardanoSolutions/ogmios.git"
      }
    },
    "root": {
      "inputs": {
        "blockfrost-platform": "blockfrost-platform",
        "cardano-js-sdk": "cardano-js-sdk",
        "cardano-node": "cardano-node",
        "cardano-playground": "cardano-playground",
        "devshell": "devshell",
        "flake-compat": "flake-compat",
        "mithril": "mithril",
        "nix-bundle-exe": "nix-bundle-exe",
        "nixpkgs": "nixpkgs_2",
        "nixpkgs-nsis": "nixpkgs-nsis",
        "ogmios": "ogmios"
      }
    },
    "treefmt-nix": {
      "inputs": {
        "nixpkgs": [
          "mithril",
          "nixpkgs"
        ]
      },
      "locked": {
        "lastModified": 1745848521,
        "narHash": "sha256-gNrTO3pEjmu3WiuYrUHJrTGCFw9v+qZXCFmX/Vjf5WI=",
        "owner": "numtide",
        "repo": "treefmt-nix",
        "rev": "763f1ce0dd12fe44ce6a5c6ea3f159d438571874",
        "type": "github"
      },
      "original": {
        "owner": "numtide",
        "repo": "treefmt-nix",
        "type": "github"
      }
    }
  },
  "root": "root",
  "version": 7
}
