{
  "nodes": {
    "blockfrost-platform": {
      "flake": false,
      "locked": {
        "lastModified": 1773045494,
        "narHash": "sha256-Z1Za+iKklfLA7s9MaCL8EnIFPJ4pF3Q+GIF7EPl3/Yk=",
        "owner": "blockfrost",
        "repo": "blockfrost-platform",
        "rev": "615eccf4a8ef1913e890c641f633538af5b3ced7",
        "type": "github"
      },
      "original": {
        "owner": "blockfrost",
        "ref": "pull/471/head",
        "repo": "blockfrost-platform",
        "type": "github"
      }
    },
    "cardano-js-sdk": {
      "flake": false,
      "locked": {
        "lastModified": 1741029698,
        "narHash": "sha256-9MC6KUiZLIlj+fi1H15mjh8H/YyEwln1b+vuTXLr6JM=",
        "owner": "input-output-hk",
        "repo": "cardano-js-sdk",
        "rev": "b01e2b83394a70201c881a1c2f8573077eddbdb5",
        "type": "github"
      },
      "original": {
        "owner": "input-output-hk",
        "ref": "@cardano-sdk/cardano-services@0.35.10",
        "repo": "cardano-js-sdk",
        "type": "github"
      }
    },
    "cardano-node": {
      "flake": false,
      "locked": {
        "lastModified": 1745954148,
        "narHash": "sha256-Moth/2BOCWDdgXrOX6fv2rykqe4zR9POjC+g4dlUqqc=",
        "owner": "IntersectMBO",
        "repo": "cardano-node",
        "rev": "420c94fbb075146c6ec7fba78c5b0482fafe72dd",
        "type": "github"
      },
      "original": {
        "owner": "IntersectMBO",
        "ref": "10.4.1",
        "repo": "cardano-node",
        "type": "github"
      }
    },
    "cardano-playground": {
      "flake": false,
      "locked": {
        "lastModified": 1736967417,
        "narHash": "sha256-ORjEkhUGwRuxj3TiRDyplddsY9p27qg5Ah3lo9U8duw=",
        "owner": "input-output-hk",
        "repo": "cardano-playground",
        "rev": "39ea4db0daa11d6334a55353f685e185765a619b",
        "type": "github"
      },
      "original": {
        "owner": "input-output-hk",
        "repo": "cardano-playground",
        "rev": "39ea4db0daa11d6334a55353f685e185765a619b",
        "type": "github"
      }
    },
    "crane": {
      "locked": {
        "lastModified": 1753316655,
        "narHash": "sha256-tzWa2kmTEN69OEMhxFy+J2oWSvZP5QhEgXp3TROOzl0=",
        "owner": "ipetkov",
        "repo": "crane",
        "rev": "f35a3372d070c9e9ccb63ba7ce347f0634ddf3d2",
        "type": "github"
      },
      "original": {
        "owner": "ipetkov",
        "repo": "crane",
        "type": "github"
      }
    },
    "crane_2": {
      "locked": {
        "lastModified": 1745454774,
        "narHash": "sha256-oLvmxOnsEKGtwczxp/CwhrfmQUG2ym24OMWowcoRhH8=",
        "owner": "ipetkov",
        "repo": "crane",
        "rev": "efd36682371678e2b6da3f108fdb5c613b3ec598",
        "type": "github"
      },
      "original": {
        "owner": "ipetkov",
        "repo": "crane",
        "type": "github"
      }
    },
    "devshell": {
      "inputs": {
        "nixpkgs": [
          "nixpkgs"
        ]
      },
      "locked": {
        "lastModified": 1768818222,
        "narHash": "sha256-460jc0+CZfyaO8+w8JNtlClB2n4ui1RbHfPTLkpwhU8=",
        "owner": "numtide",
        "repo": "devshell",
        "rev": "255a2b1725a20d060f566e4755dbf571bbbb5f76",
        "type": "github"
      },
      "original": {
        "owner": "numtide",
        "repo": "devshell",
        "type": "github"
      }
    },
    "flake-compat": {
      "flake": false,
      "locked": {
        "lastModified": 1635892615,
        "narHash": "sha256-harGbMZr4hzat2BWBU+Y5OYXlu+fVz7E4WeQzHi5o8A=",
        "owner": "input-output-hk",
        "repo": "flake-compat",
        "rev": "eca47d3377946315596da653862d341ee5341318",
        "type": "github"
      },
      "original": {
        "owner": "input-output-hk",
        "repo": "flake-compat",
        "type": "github"
      }
    },
    "flake-parts": {
      "inputs": {
        "nixpkgs-lib": "nixpkgs-lib"
      },
      "locked": {
        "lastModified": 1772408722,
        "narHash": "sha256-rHuJtdcOjK7rAHpHphUb1iCvgkU3GpfvicLMwwnfMT0=",
        "owner": "hercules-ci",
        "repo": "flake-parts",
        "rev": "f20dc5d9b8027381c474144ecabc9034d6a839a3",
        "type": "github"
      },
      "original": {
        "owner": "hercules-ci",
        "repo": "flake-parts",
        "type": "github"
      }
    },
    "flake-parts_2": {
      "inputs": {
        "nixpkgs-lib": "nixpkgs-lib_2"
      },
      "locked": {
        "lastModified": 1743550720,
        "narHash": "sha256-hIshGgKZCgWh6AYJpJmRgFdR3WUbkY04o82X05xqQiY=",
        "owner": "hercules-ci",
        "repo": "flake-parts",
        "rev": "c621e8422220273271f52058f618c94e405bb0f5",
        "type": "github"
      },
      "original": {
        "owner": "hercules-ci",
        "repo": "flake-parts",
        "type": "github"
      }
    },
    "mithril": {
      "inputs": {
        "crane": "crane_2",
        "flake-parts": "flake-parts_2",
        "nixpkgs": "nixpkgs",
        "treefmt-nix": "treefmt-nix"
      },
      "locked": {
        "lastModified": 1746529624,
        "narHash": "sha256-VShco6m8TF/zl9gd2qthZByL0kvhOK02yxFdj5Ox2yg=",
        "owner": "input-output-hk",
        "repo": "mithril",
        "rev": "b1a2faa1ed11a0b7d47e4d9f7813972ad91f9bff",
        "type": "github"
      },
      "original": {
        "owner": "input-output-hk",
        "ref": "2517.1",
        "repo": "mithril",
        "type": "github"
      }
    },
    "nix-bundle-exe": {
      "flake": false,
      "locked": {
        "lastModified": 1682949567,
        "narHash": "sha256-K9PT8LVvTLOm3gX9ZFxag0X85DFgB2vvJB+S12disWw=",
        "owner": "3noch",
        "repo": "nix-bundle-exe",
        "rev": "3522ae68aa4188f4366ed96b41a5881d6a88af97",
        "type": "github"
      },
      "original": {
        "owner": "3noch",
        "repo": "nix-bundle-exe",
        "type": "github"
      }
    },
    "nixpkgs": {
      "locked": {
        "lastModified": 1745377448,
        "narHash": "sha256-jhZDfXVKdD7TSEGgzFJQvEEZ2K65UMiqW5YJ2aIqxMA=",
        "owner": "nixos",
        "repo": "nixpkgs",
        "rev": "507b63021ada5fee621b6ca371c4fca9ca46f52c",
        "type": "github"
      },
      "original": {
        "owner": "nixos",
        "ref": "nixpkgs-unstable",
        "repo": "nixpkgs",
        "type": "github"
      }
    },
    "nixpkgs-lib": {
      "locked": {
        "lastModified": 1772328832,
        "narHash": "sha256-e+/T/pmEkLP6BHhYjx6GmwP5ivonQQn0bJdH9YrRB+Q=",
        "owner": "nix-community",
        "repo": "nixpkgs.lib",
        "rev": "c185c7a5e5dd8f9add5b2f8ebeff00888b070742",
        "type": "github"
      },
      "original": {
        "owner": "nix-community",
        "repo": "nixpkgs.lib",
        "type": "github"
      }
    },
    "nixpkgs-lib_2": {
      "locked": {
        "lastModified": 1743296961,
        "narHash": "sha256-b1EdN3cULCqtorQ4QeWgLMrd5ZGOjLSLemfa00heasc=",
        "owner": "nix-community",
        "repo": "nixpkgs.lib",
        "rev": "e4822aea2a6d1cdd36653c134cacfd64c97ff4fa",
        "type": "github"
      },
      "original": {
        "owner": "nix-community",
        "repo": "nixpkgs.lib",
        "type": "github"
      }
    },
    "nixpkgs-webkitgtk": {
      "flake": false,
      "locked": {
        "lastModified": 1724967238,
        "narHash": "sha256-fydaoGWHKzpDbhWMuKixf+slmiYFqSLOnmVYfFntQxs=",
        "owner": "nixos",
        "repo": "nixpkgs",
        "rev": "893e9c69f3324ae99e87f1e8e49014c3c0ab12cf",
        "type": "github"
      },
      "original": {
        "owner": "nixos",
        "ref": "nixpkgs-24.05-darwin",
        "repo": "nixpkgs",
        "type": "github"
      }
    },
    "nixpkgs_2": {
      "locked": {
        "lastModified": 1751211869,
        "narHash": "sha256-1Cu92i1KSPbhPCKxoiVG5qnoRiKTgR5CcGSRyLpOd7Y=",
        "owner": "nixos",
        "repo": "nixpkgs",
        "rev": "b43c397f6c213918d6cfe6e3550abfe79b5d1c51",
        "type": "github"
      },
      "original": {
        "owner": "nixos",
        "ref": "nixos-25.05",
        "repo": "nixpkgs",
        "type": "github"
      }
    },
    "ogmios": {
      "flake": false,
      "locked": {
        "lastModified": 1738673186,
        "narHash": "sha256-M5Bx7g86SmruI5mBH9QsmfQDk4q/dUaDTluIKtlGAq0=",
        "ref": "refs/tags/v6.11.2",
        "rev": "b80318c5a5c7e48325cc104c35a27ae46d5e7341",
        "revCount": 1687,
        "submodules": true,
        "type": "git",
        "url": "https://github.com/CardanoSolutions/ogmios.git"
      },
      "original": {
        "ref": "refs/tags/v6.11.2",
        "submodules": true,
        "type": "git",
        "url": "https://github.com/CardanoSolutions/ogmios.git"
      }
    },
    "root": {
      "inputs": {
        "blockfrost-platform": "blockfrost-platform",
        "cardano-js-sdk": "cardano-js-sdk",
        "cardano-node": "cardano-node",
        "cardano-playground": "cardano-playground",
        "crane": "crane",
        "devshell": "devshell",
        "flake-compat": "flake-compat",
        "flake-parts": "flake-parts",
        "mithril": "mithril",
        "nix-bundle-exe": "nix-bundle-exe",
        "nixpkgs": "nixpkgs_2",
        "nixpkgs-webkitgtk": "nixpkgs-webkitgtk",
        "ogmios": "ogmios",
        "treefmt-nix": "treefmt-nix_2"
      }
    },
    "treefmt-nix": {
      "inputs": {
        "nixpkgs": [
          "mithril",
          "nixpkgs"
        ]
      },
      "locked": {
        "lastModified": 1745848521,
        "narHash": "sha256-gNrTO3pEjmu3WiuYrUHJrTGCFw9v+qZXCFmX/Vjf5WI=",
        "owner": "numtide",
        "repo": "treefmt-nix",
        "rev": "763f1ce0dd12fe44ce6a5c6ea3f159d438571874",
        "type": "github"
      },
      "original": {
        "owner": "numtide",
        "repo": "treefmt-nix",
        "type": "github"
      }
    },
    "treefmt-nix_2": {
      "inputs": {
        "nixpkgs": [
          "nixpkgs"
        ]
      },
      "locked": {
        "lastModified": 1772660329,
        "narHash": "sha256-IjU1FxYqm+VDe5qIOxoW+pISBlGvVApRjiw/Y/ttJzY=",
        "owner": "numtide",
        "repo": "treefmt-nix",
        "rev": "3710e0e1218041bbad640352a0440114b1e10428",
        "type": "github"
      },
      "original": {
        "owner": "numtide",
        "repo": "treefmt-nix",
        "type": "github"
      }
    }
  },
  "root": "root",
  "version": 7
}
